
Microsoft Visual Studio Solution File, Format Version 12.00
# Visual Studio 15
VisualStudioVersion = 15.0.28307.168
MinimumVisualStudioVersion = 10.0.40219.1
Project("{FAE04EC0-301F-11D3-BF4B-00C04F79EFBC}") = "Server", "Server\Server.csproj", "{BDF79C93-607B-44E1-A4D9-38B4F780B7A3}"
EndProject
Project("{9A19103F-16F7-4668-BE54-9A1E7A4F7556}") = "ServiceDefinition", "..\ServiceDefinition\ServiceDefinition.csproj", "{C15AF829-09D5-44BB-81AB-488F33C03C14}"
EndProject
Global
	GlobalSection(SolutionConfigurationPlatforms) = preSolution
		Debug|Any CPU = Debug|Any CPU
		Release|Any CPU = Release|Any CPU
	EndGlobalSection
	GlobalSection(ProjectConfigurationPlatforms) = postSolution
		{BDF79C93-607B-44E1-A4D9-38B4F780B7A3}.Debug|Any CPU.ActiveCfg = Debug|Any CPU
		{BDF79C93-607B-44E1-A4D9-38B4F780B7A3}.Debug|Any CPU.Build.0 = Debug|Any CPU
		{BDF79C93-607B-44E1-A4D9-38B4F780B7A3}.Release|Any CPU.ActiveCfg = Release|Any CPU
		{BDF79C93-607B-44E1-A4D9-38B4F780B7A3}.Release|Any CPU.Build.0 = Release|Any CPU
		{C15AF829-09D5-44BB-81AB-488F33C03C14}.Debug|Any CPU.ActiveCfg = Debug|Any CPU
		{C15AF829-09D5-44BB-81AB-488F33C03C14}.Debug|Any CPU.Build.0 = Debug|Any CPU
		{C15AF829-09D5-44BB-81AB-488F33C03C14}.Release|Any CPU.ActiveCfg = Release|Any CPU
		{C15AF829-09D5-44BB-81AB-488F33C03C14}.Release|Any CPU.Build.0 = Release|Any CPU
	EndGlobalSection
	GlobalSection(SolutionProperties) = preSolution
		HideSolutionNode = FALSE
	EndGlobalSection
	GlobalSection(ExtensibilityGlobals) = postSolution
		SolutionGuid = {ABE3121F-8859-431F-8365-A1A8DA64603C}
	EndGlobalSection
EndGlobal
